
Microsoft Visual Studio Solution File, Format Version 12.00
# Visual Studio Version 17
VisualStudioVersion = 17.0.32112.339
MinimumVisualStudioVersion = 10.0.40219.1
Project("{FAE04EC0-301F-11D3-BF4B-00C04F79EFBC}") = "Doc Client", "Doc Client\Doc Client.csproj", "{755571D5-0F12-4070-96B8-48A66E2499C0}"
EndProject
Global
	GlobalSection(SolutionConfigurationPlatforms) = preSolution
		Debug|Any CPU = Debug|Any CPU
		Release|Any CPU = Release|Any CPU
	EndGlobalSection
	GlobalSection(ProjectConfigurationPlatforms) = postSolution
		{755571D5-0F12-4070-96B8-48A66E2499C0}.Debug|Any CPU.ActiveCfg = Debug|Any CPU
		{755571D5-0F12-4070-96B8-48A66E2499C0}.Debug|Any CPU.Build.0 = Debug|Any CPU
		{755571D5-0F12-4070-96B8-48A66E2499C0}.Release|Any CPU.ActiveCfg = Release|Any CPU
		{755571D5-0F12-4070-96B8-48A66E2499C0}.Release|Any CPU.Build.0 = Release|Any CPU
	EndGlobalSection
	GlobalSection(SolutionProperties) = preSolution
		HideSolutionNode = FALSE
	EndGlobalSection
	GlobalSection(ExtensibilityGlobals) = postSolution
		SolutionGuid = {9B87A900-6C0D-47F5-B999-53CE4C37E897}
	EndGlobalSection
EndGlobal
